
Microsoft Visual Studio Solution File, Format Version 12.00
# Visual Studio Version 17
VisualStudioVersion = 17.14.36414.22 d17.14
MinimumVisualStudioVersion = 10.0.40219.1
Project("{FAE04EC0-301F-11D3-BF4B-00C04F79EFBC}") = "InventoryHub.Api", "InventoryHub.Api.csproj", "{DB9E1DFA-02FA-42B3-BFF6-F8207C6A2365}"
EndProject
Project("{FAE04EC0-301F-11D3-BF4B-00C04F79EFBC}") = "InventoryHub.Client", "InventoryHub.Client\InventoryHub.Client\InventoryHub.Client.csproj", "{A47AEBBA-2ED7-4849-AC48-1E125A6F63ED}"
EndProject
Global
	GlobalSection(SolutionConfigurationPlatforms) = preSolution
		Debug|Any CPU = Debug|Any CPU
		Release|Any CPU = Release|Any CPU
	EndGlobalSection
	GlobalSection(ProjectConfigurationPlatforms) = postSolution
		{DB9E1DFA-02FA-42B3-BFF6-F8207C6A2365}.Debug|Any CPU.ActiveCfg = Debug|Any CPU
		{DB9E1DFA-02FA-42B3-BFF6-F8207C6A2365}.Debug|Any CPU.Build.0 = Debug|Any CPU
		{DB9E1DFA-02FA-42B3-BFF6-F8207C6A2365}.Release|Any CPU.ActiveCfg = Release|Any CPU
		{DB9E1DFA-02FA-42B3-BFF6-F8207C6A2365}.Release|Any CPU.Build.0 = Release|Any CPU
		{A47AEBBA-2ED7-4849-AC48-1E125A6F63ED}.Debug|Any CPU.ActiveCfg = Debug|Any CPU
		{A47AEBBA-2ED7-4849-AC48-1E125A6F63ED}.Debug|Any CPU.Build.0 = Debug|Any CPU
		{A47AEBBA-2ED7-4849-AC48-1E125A6F63ED}.Release|Any CPU.ActiveCfg = Release|Any CPU
		{A47AEBBA-2ED7-4849-AC48-1E125A6F63ED}.Release|Any CPU.Build.0 = Release|Any CPU
	EndGlobalSection
	GlobalSection(SolutionProperties) = preSolution
		HideSolutionNode = FALSE
	EndGlobalSection
	GlobalSection(ExtensibilityGlobals) = postSolution
		SolutionGuid = {F909E486-2840-4BA9-B6F6-006EF47D5782}
	EndGlobalSection
EndGlobal
